
Microsoft Visual Studio Solution File, Format Version 12.00
Project("{FAE04EC0-301F-11D3-BF4B-00C04F79EFBC}") = "AccesoAlimentario.Core", "AccesoAlimentario.Core\AccesoAlimentario.Core.csproj", "{D508382B-54F4-48B1-9B67-A268B93395A2}"
EndProject
Project("{FAE04EC0-301F-11D3-BF4B-00C04F79EFBC}") = "AccesoAlimentario.Console", "AccesoAlimentario.Console\AccesoAlimentario.Console.csproj", "{29467E11-3E8D-4852-813E-04A82550268D}"
EndProject
Project("{FAE04EC0-301F-11D3-BF4B-00C04F79EFBC}") = "AccesoAlimentario.Testing", "AccesoAlimentario.Testing\AccesoAlimentario.Testing.csproj", "{E68A0629-DFFC-44D1-A0A5-EEFE2704F3A7}"
EndProject
Project("{FAE04EC0-301F-11D3-BF4B-00C04F79EFBC}") = "AccesoAlimentario.API", "AccesoAlimentario.API\AccesoAlimentario.API.csproj", "{AA94688B-3F78-4ABD-96BD-FAFD3A89B4B2}"
EndProject
Global
	GlobalSection(SolutionConfigurationPlatforms) = preSolution
		Debug|Any CPU = Debug|Any CPU
		Release|Any CPU = Release|Any CPU
	EndGlobalSection
	GlobalSection(ProjectConfigurationPlatforms) = postSolution
		{D508382B-54F4-48B1-9B67-A268B93395A2}.Debug|Any CPU.ActiveCfg = Debug|Any CPU
		{D508382B-54F4-48B1-9B67-A268B93395A2}.Debug|Any CPU.Build.0 = Debug|Any CPU
		{D508382B-54F4-48B1-9B67-A268B93395A2}.Release|Any CPU.ActiveCfg = Release|Any CPU
		{D508382B-54F4-48B1-9B67-A268B93395A2}.Release|Any CPU.Build.0 = Release|Any CPU
		{29467E11-3E8D-4852-813E-04A82550268D}.Debug|Any CPU.ActiveCfg = Debug|Any CPU
		{29467E11-3E8D-4852-813E-04A82550268D}.Debug|Any CPU.Build.0 = Debug|Any CPU
		{29467E11-3E8D-4852-813E-04A82550268D}.Release|Any CPU.ActiveCfg = Release|Any CPU
		{29467E11-3E8D-4852-813E-04A82550268D}.Release|Any CPU.Build.0 = Release|Any CPU
		{E68A0629-DFFC-44D1-A0A5-EEFE2704F3A7}.Debug|Any CPU.ActiveCfg = Debug|Any CPU
		{E68A0629-DFFC-44D1-A0A5-EEFE2704F3A7}.Debug|Any CPU.Build.0 = Debug|Any CPU
		{E68A0629-DFFC-44D1-A0A5-EEFE2704F3A7}.Release|Any CPU.ActiveCfg = Release|Any CPU
		{E68A0629-DFFC-44D1-A0A5-EEFE2704F3A7}.Release|Any CPU.Build.0 = Release|Any CPU
		{AA94688B-3F78-4ABD-96BD-FAFD3A89B4B2}.Debug|Any CPU.ActiveCfg = Debug|Any CPU
		{AA94688B-3F78-4ABD-96BD-FAFD3A89B4B2}.Debug|Any CPU.Build.0 = Debug|Any CPU
		{AA94688B-3F78-4ABD-96BD-FAFD3A89B4B2}.Release|Any CPU.ActiveCfg = Release|Any CPU
		{AA94688B-3F78-4ABD-96BD-FAFD3A89B4B2}.Release|Any CPU.Build.0 = Release|Any CPU
	EndGlobalSection
EndGlobal
